
Microsoft Visual Studio Solution File, Format Version 12.00
# Visual Studio 15
VisualStudioVersion = 15.0.27130.2010
MinimumVisualStudioVersion = 10.0.40219.1
Project("{FAE04EC0-301F-11D3-BF4B-00C04F79EFBC}") = "Quiron.LojaVirtual.Dominio", "Quiro.LojaVirtual.Dominio\Quiron.LojaVirtual.Dominio.csproj", "{F818645D-2D18-468A-A14E-495782DC9502}"
EndProject
Project("{FAE04EC0-301F-11D3-BF4B-00C04F79EFBC}") = "Quiron.LojaVirtual.Web", "Quiron.LojaVirtual.Web\Quiron.LojaVirtual.Web.csproj", "{D8E46DAF-7430-4F74-B3C3-EE2AEC4361E9}"
EndProject
Project("{FAE04EC0-301F-11D3-BF4B-00C04F79EFBC}") = "Quiron.LojaVirtual.UnitTest", "Quiron.LojaVirtual.UnitTest\Quiron.LojaVirtual.UnitTest.csproj", "{7F43CFD3-6EBB-4837-AEC7-E10492EC96D4}"
EndProject
Global
	GlobalSection(SolutionConfigurationPlatforms) = preSolution
		Debug|Any CPU = Debug|Any CPU
		Release|Any CPU = Release|Any CPU
	EndGlobalSection
	GlobalSection(ProjectConfigurationPlatforms) = postSolution
		{F818645D-2D18-468A-A14E-495782DC9502}.Debug|Any CPU.ActiveCfg = Debug|Any CPU
		{F818645D-2D18-468A-A14E-495782DC9502}.Debug|Any CPU.Build.0 = Debug|Any CPU
		{F818645D-2D18-468A-A14E-495782DC9502}.Release|Any CPU.ActiveCfg = Release|Any CPU
		{F818645D-2D18-468A-A14E-495782DC9502}.Release|Any CPU.Build.0 = Release|Any CPU
		{D8E46DAF-7430-4F74-B3C3-EE2AEC4361E9}.Debug|Any CPU.ActiveCfg = Debug|Any CPU
		{D8E46DAF-7430-4F74-B3C3-EE2AEC4361E9}.Debug|Any CPU.Build.0 = Debug|Any CPU
		{D8E46DAF-7430-4F74-B3C3-EE2AEC4361E9}.Release|Any CPU.ActiveCfg = Release|Any CPU
		{D8E46DAF-7430-4F74-B3C3-EE2AEC4361E9}.Release|Any CPU.Build.0 = Release|Any CPU
		{7F43CFD3-6EBB-4837-AEC7-E10492EC96D4}.Debug|Any CPU.ActiveCfg = Debug|Any CPU
		{7F43CFD3-6EBB-4837-AEC7-E10492EC96D4}.Debug|Any CPU.Build.0 = Debug|Any CPU
		{7F43CFD3-6EBB-4837-AEC7-E10492EC96D4}.Release|Any CPU.ActiveCfg = Release|Any CPU
		{7F43CFD3-6EBB-4837-AEC7-E10492EC96D4}.Release|Any CPU.Build.0 = Release|Any CPU
	EndGlobalSection
	GlobalSection(SolutionProperties) = preSolution
		HideSolutionNode = FALSE
	EndGlobalSection
	GlobalSection(ExtensibilityGlobals) = postSolution
		SolutionGuid = {BC9F9D25-4A9D-4D0E-A789-E8BE592F7401}
	EndGlobalSection
EndGlobal
